<?xml version="1.0" encoding="UTF-8" standalone="yes" ?>
<CodeBlocks_project_file>
	<FileVersion major="1" minor="6" />
	<Project>
		<Option title="Project_Arcade" />
		<Option pch_mode="2" />
		<Option compiler="gcc" />
		<Build>
			<Target title="Debug">
				<Option output="bin/Debug/Project Arcade" prefix_auto="1" extension_auto="1" />
				<Option object_output="obj/Debug/" />
				<Option type="1" />
				<Option compiler="gcc" />
				<Compiler>
					<Add option="-g" />
					<Add directory="include" />
					<Add directory="D:/Development/SDL2_image-2.0.1/include" />
					<Add directory="D:/Development/SDL2/x86_64-w64-mingw32/include" />
					<Add directory="D:/Development/SDL2_ttf-2.20.2/x86_64-w64-mingw32/include" />
				</Compiler>
				<Linker>
					<Add directory="D:/Development/SDL2/x86_64-w64-mingw32/lib" />
					<Add directory="D:/Development/SDL2_image-2.0.1/lib/x64" />
					<Add directory="D:/Development/SDL2_ttf-2.20.2/x86_64-w64-mingw32/lib" />
				</Linker>
			</Target>
			<Target title="Release">
				<Option output="bin/Release/Project Arcade" prefix_auto="1" extension_auto="1" />
				<Option object_output="obj/Release/" />
				<Option type="1" />
				<Option compiler="gcc" />
				<Compiler>
					<Add option="-O2" />
					<Add directory="include" />
					<Add directory="D:/Development/SDL2_image-2.0.1/include" />
					<Add directory="D:/Development/SDL2/x86_64-w64-mingw32/include" />
					<Add directory="D:/Development/SDL2_ttf-2.20.2/x86_64-w64-mingw32/include" />
				</Compiler>
				<Linker>
					<Add option="-s" />
					<Add option="-lmingw32 -lSDL2main -lSDL2 -lSDL2_image -lSDL2_ttf" />
					<Add directory="D:/Development/SDL2/x86_64-w64-mingw32/lib" />
					<Add directory="D:/Development/SDL2_image-2.0.1/lib/x64" />
					<Add directory="D:/Development/SDL2_ttf-2.20.2/x86_64-w64-mingw32/lib" />
				</Linker>
			</Target>
		</Build>
		<Compiler>
			<Add option="-Wall" />
			<Add directory="D:/Development/SDL2_image-2.0.1/include" />
			<Add directory="D:/Development/SDL2/x86_64-w64-mingw32/include" />
			<Add directory="D:/Development/SDL2_ttf-2.20.2/x86_64-w64-mingw32/include" />
		</Compiler>
		<Linker>
			<Add option="-lmingw32 -lSDL2main -lSDL2 -lSDL2_image -lSDL2_ttf" />
			<Add directory="D:/Development/SDL2/x86_64-w64-mingw32/lib" />
			<Add directory="D:/Development/SDL2_image-2.0.1/lib/x64" />
			<Add directory="D:/Development/SDL2_ttf-2.20.2/x86_64-w64-mingw32/lib" />
		</Linker>
		<Unit filename="include/BackGroundObject.hpp" />
		<Unit filename="include/ButtonObject.hpp" />
		<Unit filename="include/Game.hpp" />
		<Unit filename="include/GameObject.hpp" />
		<Unit filename="include/TextManager.hpp" />
		<Unit filename="include/TextObject.hpp" />
		<Unit filename="include/TextureManager.hpp" />
		<Unit filename="main.cpp" />
		<Unit filename="src/BackGroundObject.cpp" />
		<Unit filename="src/ButtonObject.cpp" />
		<Unit filename="src/Game.cpp" />
		<Unit filename="src/GameObject.cpp" />
		<Unit filename="src/TextManager.cpp" />
		<Unit filename="src/TextObject.cpp" />
		<Unit filename="src/TextureManager.cpp" />
		<Extensions>
			<lib_finder disable_auto="1" />
		</Extensions>
	</Project>
</CodeBlocks_project_file>
